
Microsoft Visual Studio Solution File, Format Version 12.00
# Visual Studio Version 17
VisualStudioVersion = 17.11.35312.102
MinimumVisualStudioVersion = 10.0.40219.1
Project("{8BC9CEB8-8B4A-11D0-8D11-00A0C91BC942}") = "两数相加", "两数相加\两数相加.vcxproj", "{FE79DA3D-3A8E-4FA4-AFFD-C44E5C22195A}"
EndProject
Global
	GlobalSection(SolutionConfigurationPlatforms) = preSolution
		Debug|x64 = Debug|x64
		Debug|x86 = Debug|x86
		Release|x64 = Release|x64
		Release|x86 = Release|x86
	EndGlobalSection
	GlobalSection(ProjectConfigurationPlatforms) = postSolution
		{FE79DA3D-3A8E-4FA4-AFFD-C44E5C22195A}.Debug|x64.ActiveCfg = Debug|x64
		{FE79DA3D-3A8E-4FA4-AFFD-C44E5C22195A}.Debug|x64.Build.0 = Debug|x64
		{FE79DA3D-3A8E-4FA4-AFFD-C44E5C22195A}.Debug|x86.ActiveCfg = Debug|Win32
		{FE79DA3D-3A8E-4FA4-AFFD-C44E5C22195A}.Debug|x86.Build.0 = Debug|Win32
		{FE79DA3D-3A8E-4FA4-AFFD-C44E5C22195A}.Release|x64.ActiveCfg = Release|x64
		{FE79DA3D-3A8E-4FA4-AFFD-C44E5C22195A}.Release|x64.Build.0 = Release|x64
		{FE79DA3D-3A8E-4FA4-AFFD-C44E5C22195A}.Release|x86.ActiveCfg = Release|Win32
		{FE79DA3D-3A8E-4FA4-AFFD-C44E5C22195A}.Release|x86.Build.0 = Release|Win32
	EndGlobalSection
	GlobalSection(SolutionProperties) = preSolution
		HideSolutionNode = FALSE
	EndGlobalSection
	GlobalSection(ExtensibilityGlobals) = postSolution
		SolutionGuid = {14CE919C-A7AC-4AE5-8F43-4153DDF58B54}
	EndGlobalSection
EndGlobal
