
Microsoft Visual Studio Solution File, Format Version 12.00
# Visual Studio Version 17
VisualStudioVersion = 17.11.35312.102
MinimumVisualStudioVersion = 10.0.40219.1
Project("{8BC9CEB8-8B4A-11D0-8D11-00A0C91BC942}") = "询问学号", "询问学号\询问学号.vcxproj", "{F3F8A9FF-A3FE-48B6-9CC3-C3E2C4D8C036}"
EndProject
Global
	GlobalSection(SolutionConfigurationPlatforms) = preSolution
		Debug|x64 = Debug|x64
		Debug|x86 = Debug|x86
		Release|x64 = Release|x64
		Release|x86 = Release|x86
	EndGlobalSection
	GlobalSection(ProjectConfigurationPlatforms) = postSolution
		{F3F8A9FF-A3FE-48B6-9CC3-C3E2C4D8C036}.Debug|x64.ActiveCfg = Debug|x64
		{F3F8A9FF-A3FE-48B6-9CC3-C3E2C4D8C036}.Debug|x64.Build.0 = Debug|x64
		{F3F8A9FF-A3FE-48B6-9CC3-C3E2C4D8C036}.Debug|x86.ActiveCfg = Debug|Win32
		{F3F8A9FF-A3FE-48B6-9CC3-C3E2C4D8C036}.Debug|x86.Build.0 = Debug|Win32
		{F3F8A9FF-A3FE-48B6-9CC3-C3E2C4D8C036}.Release|x64.ActiveCfg = Release|x64
		{F3F8A9FF-A3FE-48B6-9CC3-C3E2C4D8C036}.Release|x64.Build.0 = Release|x64
		{F3F8A9FF-A3FE-48B6-9CC3-C3E2C4D8C036}.Release|x86.ActiveCfg = Release|Win32
		{F3F8A9FF-A3FE-48B6-9CC3-C3E2C4D8C036}.Release|x86.Build.0 = Release|Win32
	EndGlobalSection
	GlobalSection(SolutionProperties) = preSolution
		HideSolutionNode = FALSE
	EndGlobalSection
	GlobalSection(ExtensibilityGlobals) = postSolution
		SolutionGuid = {F9A950F2-D18C-4309-B20D-3AD292AFFDA5}
	EndGlobalSection
EndGlobal
