
Microsoft Visual Studio Solution File, Format Version 12.00
# Visual Studio Version 17
VisualStudioVersion = 17.11.35312.102
MinimumVisualStudioVersion = 10.0.40219.1
Project("{8BC9CEB8-8B4A-11D0-8D11-00A0C91BC942}") = "单项链表", "单项链表\单项链表.vcxproj", "{B3482F8D-6E9A-4582-A59F-D9A4B042C828}"
EndProject
Global
	GlobalSection(SolutionConfigurationPlatforms) = preSolution
		Debug|x64 = Debug|x64
		Debug|x86 = Debug|x86
		Release|x64 = Release|x64
		Release|x86 = Release|x86
	EndGlobalSection
	GlobalSection(ProjectConfigurationPlatforms) = postSolution
		{B3482F8D-6E9A-4582-A59F-D9A4B042C828}.Debug|x64.ActiveCfg = Debug|x64
		{B3482F8D-6E9A-4582-A59F-D9A4B042C828}.Debug|x64.Build.0 = Debug|x64
		{B3482F8D-6E9A-4582-A59F-D9A4B042C828}.Debug|x86.ActiveCfg = Debug|Win32
		{B3482F8D-6E9A-4582-A59F-D9A4B042C828}.Debug|x86.Build.0 = Debug|Win32
		{B3482F8D-6E9A-4582-A59F-D9A4B042C828}.Release|x64.ActiveCfg = Release|x64
		{B3482F8D-6E9A-4582-A59F-D9A4B042C828}.Release|x64.Build.0 = Release|x64
		{B3482F8D-6E9A-4582-A59F-D9A4B042C828}.Release|x86.ActiveCfg = Release|Win32
		{B3482F8D-6E9A-4582-A59F-D9A4B042C828}.Release|x86.Build.0 = Release|Win32
	EndGlobalSection
	GlobalSection(SolutionProperties) = preSolution
		HideSolutionNode = FALSE
	EndGlobalSection
	GlobalSection(ExtensibilityGlobals) = postSolution
		SolutionGuid = {E9212A21-8CFE-4A4C-89C4-18D3A0491499}
	EndGlobalSection
EndGlobal
