
Microsoft Visual Studio Solution File, Format Version 12.00
# Visual Studio Version 17
VisualStudioVersion = 17.11.35312.102
MinimumVisualStudioVersion = 10.0.40219.1
Project("{8BC9CEB8-8B4A-11D0-8D11-00A0C91BC942}") = "直线上最多的点数", "直线上最多的点数\直线上最多的点数.vcxproj", "{05BABDD6-83D2-44FE-B432-D1B4379191EF}"
EndProject
Global
	GlobalSection(SolutionConfigurationPlatforms) = preSolution
		Debug|x64 = Debug|x64
		Debug|x86 = Debug|x86
		Release|x64 = Release|x64
		Release|x86 = Release|x86
	EndGlobalSection
	GlobalSection(ProjectConfigurationPlatforms) = postSolution
		{05BABDD6-83D2-44FE-B432-D1B4379191EF}.Debug|x64.ActiveCfg = Debug|x64
		{05BABDD6-83D2-44FE-B432-D1B4379191EF}.Debug|x64.Build.0 = Debug|x64
		{05BABDD6-83D2-44FE-B432-D1B4379191EF}.Debug|x86.ActiveCfg = Debug|Win32
		{05BABDD6-83D2-44FE-B432-D1B4379191EF}.Debug|x86.Build.0 = Debug|Win32
		{05BABDD6-83D2-44FE-B432-D1B4379191EF}.Release|x64.ActiveCfg = Release|x64
		{05BABDD6-83D2-44FE-B432-D1B4379191EF}.Release|x64.Build.0 = Release|x64
		{05BABDD6-83D2-44FE-B432-D1B4379191EF}.Release|x86.ActiveCfg = Release|Win32
		{05BABDD6-83D2-44FE-B432-D1B4379191EF}.Release|x86.Build.0 = Release|Win32
	EndGlobalSection
	GlobalSection(SolutionProperties) = preSolution
		HideSolutionNode = FALSE
	EndGlobalSection
	GlobalSection(ExtensibilityGlobals) = postSolution
		SolutionGuid = {BCAC1587-DC2B-4B17-A469-86964F7D8716}
	EndGlobalSection
EndGlobal
