
Microsoft Visual Studio Solution File, Format Version 12.00
# Visual Studio Version 17
VisualStudioVersion = 17.11.35312.102
MinimumVisualStudioVersion = 10.0.40219.1
Project("{8BC9CEB8-8B4A-11D0-8D11-00A0C91BC942}") = "两两交换链表中的节点", "两两交换链表中的节点\两两交换链表中的节点.vcxproj", "{C82258C7-1B74-42F9-A2D1-294ADC6BF264}"
EndProject
Global
	GlobalSection(SolutionConfigurationPlatforms) = preSolution
		Debug|x64 = Debug|x64
		Debug|x86 = Debug|x86
		Release|x64 = Release|x64
		Release|x86 = Release|x86
	EndGlobalSection
	GlobalSection(ProjectConfigurationPlatforms) = postSolution
		{C82258C7-1B74-42F9-A2D1-294ADC6BF264}.Debug|x64.ActiveCfg = Debug|x64
		{C82258C7-1B74-42F9-A2D1-294ADC6BF264}.Debug|x64.Build.0 = Debug|x64
		{C82258C7-1B74-42F9-A2D1-294ADC6BF264}.Debug|x86.ActiveCfg = Debug|Win32
		{C82258C7-1B74-42F9-A2D1-294ADC6BF264}.Debug|x86.Build.0 = Debug|Win32
		{C82258C7-1B74-42F9-A2D1-294ADC6BF264}.Release|x64.ActiveCfg = Release|x64
		{C82258C7-1B74-42F9-A2D1-294ADC6BF264}.Release|x64.Build.0 = Release|x64
		{C82258C7-1B74-42F9-A2D1-294ADC6BF264}.Release|x86.ActiveCfg = Release|Win32
		{C82258C7-1B74-42F9-A2D1-294ADC6BF264}.Release|x86.Build.0 = Release|Win32
	EndGlobalSection
	GlobalSection(SolutionProperties) = preSolution
		HideSolutionNode = FALSE
	EndGlobalSection
	GlobalSection(ExtensibilityGlobals) = postSolution
		SolutionGuid = {3EAA8B5A-C1DD-4FCC-AE8A-3ECE57C37FB7}
	EndGlobalSection
EndGlobal
