
Microsoft Visual Studio Solution File, Format Version 12.00
# Visual Studio Version 17
VisualStudioVersion = 17.11.35312.102
MinimumVisualStudioVersion = 10.0.40219.1
Project("{8BC9CEB8-8B4A-11D0-8D11-00A0C91BC942}") = "缺失的第一个正整数-普通哈希", "缺失的第一个正整数-普通哈希\缺失的第一个正整数-普通哈希.vcxproj", "{FA4C8950-214C-4F19-817A-20A8A5D54F96}"
EndProject
Global
	GlobalSection(SolutionConfigurationPlatforms) = preSolution
		Debug|x64 = Debug|x64
		Debug|x86 = Debug|x86
		Release|x64 = Release|x64
		Release|x86 = Release|x86
	EndGlobalSection
	GlobalSection(ProjectConfigurationPlatforms) = postSolution
		{FA4C8950-214C-4F19-817A-20A8A5D54F96}.Debug|x64.ActiveCfg = Debug|x64
		{FA4C8950-214C-4F19-817A-20A8A5D54F96}.Debug|x64.Build.0 = Debug|x64
		{FA4C8950-214C-4F19-817A-20A8A5D54F96}.Debug|x86.ActiveCfg = Debug|Win32
		{FA4C8950-214C-4F19-817A-20A8A5D54F96}.Debug|x86.Build.0 = Debug|Win32
		{FA4C8950-214C-4F19-817A-20A8A5D54F96}.Release|x64.ActiveCfg = Release|x64
		{FA4C8950-214C-4F19-817A-20A8A5D54F96}.Release|x64.Build.0 = Release|x64
		{FA4C8950-214C-4F19-817A-20A8A5D54F96}.Release|x86.ActiveCfg = Release|Win32
		{FA4C8950-214C-4F19-817A-20A8A5D54F96}.Release|x86.Build.0 = Release|Win32
	EndGlobalSection
	GlobalSection(SolutionProperties) = preSolution
		HideSolutionNode = FALSE
	EndGlobalSection
	GlobalSection(ExtensibilityGlobals) = postSolution
		SolutionGuid = {24FE6445-A8E5-48C0-ACC8-BBF5035BF4B1}
	EndGlobalSection
EndGlobal
