
Microsoft Visual Studio Solution File, Format Version 12.00
# Visual Studio Version 17
VisualStudioVersion = 17.11.35312.102
MinimumVisualStudioVersion = 10.0.40219.1
Project("{8BC9CEB8-8B4A-11D0-8D11-00A0C91BC942}") = "营业额统计", "营业额统计\营业额统计.vcxproj", "{D47FB3A8-2E23-4678-9A16-08E735DB7901}"
EndProject
Global
	GlobalSection(SolutionConfigurationPlatforms) = preSolution
		Debug|x64 = Debug|x64
		Debug|x86 = Debug|x86
		Release|x64 = Release|x64
		Release|x86 = Release|x86
	EndGlobalSection
	GlobalSection(ProjectConfigurationPlatforms) = postSolution
		{D47FB3A8-2E23-4678-9A16-08E735DB7901}.Debug|x64.ActiveCfg = Debug|x64
		{D47FB3A8-2E23-4678-9A16-08E735DB7901}.Debug|x64.Build.0 = Debug|x64
		{D47FB3A8-2E23-4678-9A16-08E735DB7901}.Debug|x86.ActiveCfg = Debug|Win32
		{D47FB3A8-2E23-4678-9A16-08E735DB7901}.Debug|x86.Build.0 = Debug|Win32
		{D47FB3A8-2E23-4678-9A16-08E735DB7901}.Release|x64.ActiveCfg = Release|x64
		{D47FB3A8-2E23-4678-9A16-08E735DB7901}.Release|x64.Build.0 = Release|x64
		{D47FB3A8-2E23-4678-9A16-08E735DB7901}.Release|x86.ActiveCfg = Release|Win32
		{D47FB3A8-2E23-4678-9A16-08E735DB7901}.Release|x86.Build.0 = Release|Win32
	EndGlobalSection
	GlobalSection(SolutionProperties) = preSolution
		HideSolutionNode = FALSE
	EndGlobalSection
	GlobalSection(ExtensibilityGlobals) = postSolution
		SolutionGuid = {72F59AE9-6691-456C-BB09-75517EC733D5}
	EndGlobalSection
EndGlobal
