
Microsoft Visual Studio Solution File, Format Version 12.00
# Visual Studio Version 17
VisualStudioVersion = 17.11.35312.102
MinimumVisualStudioVersion = 10.0.40219.1
Project("{8BC9CEB8-8B4A-11D0-8D11-00A0C91BC942}") = "合并两个有序链表", "合并两个有序链表\合并两个有序链表.vcxproj", "{19617F29-FEDC-452A-89D2-C558AB9F4C16}"
EndProject
Global
	GlobalSection(SolutionConfigurationPlatforms) = preSolution
		Debug|x64 = Debug|x64
		Debug|x86 = Debug|x86
		Release|x64 = Release|x64
		Release|x86 = Release|x86
	EndGlobalSection
	GlobalSection(ProjectConfigurationPlatforms) = postSolution
		{19617F29-FEDC-452A-89D2-C558AB9F4C16}.Debug|x64.ActiveCfg = Debug|x64
		{19617F29-FEDC-452A-89D2-C558AB9F4C16}.Debug|x64.Build.0 = Debug|x64
		{19617F29-FEDC-452A-89D2-C558AB9F4C16}.Debug|x86.ActiveCfg = Debug|Win32
		{19617F29-FEDC-452A-89D2-C558AB9F4C16}.Debug|x86.Build.0 = Debug|Win32
		{19617F29-FEDC-452A-89D2-C558AB9F4C16}.Release|x64.ActiveCfg = Release|x64
		{19617F29-FEDC-452A-89D2-C558AB9F4C16}.Release|x64.Build.0 = Release|x64
		{19617F29-FEDC-452A-89D2-C558AB9F4C16}.Release|x86.ActiveCfg = Release|Win32
		{19617F29-FEDC-452A-89D2-C558AB9F4C16}.Release|x86.Build.0 = Release|Win32
	EndGlobalSection
	GlobalSection(SolutionProperties) = preSolution
		HideSolutionNode = FALSE
	EndGlobalSection
	GlobalSection(ExtensibilityGlobals) = postSolution
		SolutionGuid = {1B1EC6A8-1495-47D6-B5A4-A8956E17CA98}
	EndGlobalSection
EndGlobal
