
Microsoft Visual Studio Solution File, Format Version 12.00
# Visual Studio Version 17
VisualStudioVersion = 17.11.35312.102
MinimumVisualStudioVersion = 10.0.40219.1
Project("{8BC9CEB8-8B4A-11D0-8D11-00A0C91BC942}") = "二叉树深度", "二叉树深度\二叉树深度.vcxproj", "{A24997D1-1FEB-4CDA-ACBB-02BD600E098E}"
EndProject
Global
	GlobalSection(SolutionConfigurationPlatforms) = preSolution
		Debug|x64 = Debug|x64
		Debug|x86 = Debug|x86
		Release|x64 = Release|x64
		Release|x86 = Release|x86
	EndGlobalSection
	GlobalSection(ProjectConfigurationPlatforms) = postSolution
		{A24997D1-1FEB-4CDA-ACBB-02BD600E098E}.Debug|x64.ActiveCfg = Debug|x64
		{A24997D1-1FEB-4CDA-ACBB-02BD600E098E}.Debug|x64.Build.0 = Debug|x64
		{A24997D1-1FEB-4CDA-ACBB-02BD600E098E}.Debug|x86.ActiveCfg = Debug|Win32
		{A24997D1-1FEB-4CDA-ACBB-02BD600E098E}.Debug|x86.Build.0 = Debug|Win32
		{A24997D1-1FEB-4CDA-ACBB-02BD600E098E}.Release|x64.ActiveCfg = Release|x64
		{A24997D1-1FEB-4CDA-ACBB-02BD600E098E}.Release|x64.Build.0 = Release|x64
		{A24997D1-1FEB-4CDA-ACBB-02BD600E098E}.Release|x86.ActiveCfg = Release|Win32
		{A24997D1-1FEB-4CDA-ACBB-02BD600E098E}.Release|x86.Build.0 = Release|Win32
	EndGlobalSection
	GlobalSection(SolutionProperties) = preSolution
		HideSolutionNode = FALSE
	EndGlobalSection
	GlobalSection(ExtensibilityGlobals) = postSolution
		SolutionGuid = {4CD4E62C-C0EB-44F4-8A53-59D9A2F1258F}
	EndGlobalSection
EndGlobal
